
Microsoft Visual Studio Solution File, Format Version 12.00
# Visual Studio Version 17
VisualStudioVersion = 17.0.31903.59
MinimumVisualStudioVersion = 10.0.40219.1
Project("{FAE04EC0-301F-11D3-BF4B-00C04F79EFBC}") = "Store.Domain", "Store.Domain\Store.Domain.csproj", "{C2CE1793-7ACD-4251-8169-72DF45125260}"
EndProject
Project("{FAE04EC0-301F-11D3-BF4B-00C04F79EFBC}") = "Store.Domain.Tests", "Store.Domain.Tests\Store.Domain.Tests.csproj", "{CF0ECA47-22D3-4402-963D-21DE8154FCB2}"
EndProject
Global
	GlobalSection(SolutionConfigurationPlatforms) = preSolution
		Debug|Any CPU = Debug|Any CPU
		Release|Any CPU = Release|Any CPU
	EndGlobalSection
	GlobalSection(SolutionProperties) = preSolution
		HideSolutionNode = FALSE
	EndGlobalSection
	GlobalSection(ProjectConfigurationPlatforms) = postSolution
		{C2CE1793-7ACD-4251-8169-72DF45125260}.Debug|Any CPU.ActiveCfg = Debug|Any CPU
		{C2CE1793-7ACD-4251-8169-72DF45125260}.Debug|Any CPU.Build.0 = Debug|Any CPU
		{C2CE1793-7ACD-4251-8169-72DF45125260}.Release|Any CPU.ActiveCfg = Release|Any CPU
		{C2CE1793-7ACD-4251-8169-72DF45125260}.Release|Any CPU.Build.0 = Release|Any CPU
		{CF0ECA47-22D3-4402-963D-21DE8154FCB2}.Debug|Any CPU.ActiveCfg = Debug|Any CPU
		{CF0ECA47-22D3-4402-963D-21DE8154FCB2}.Debug|Any CPU.Build.0 = Debug|Any CPU
		{CF0ECA47-22D3-4402-963D-21DE8154FCB2}.Release|Any CPU.ActiveCfg = Release|Any CPU
		{CF0ECA47-22D3-4402-963D-21DE8154FCB2}.Release|Any CPU.Build.0 = Release|Any CPU
	EndGlobalSection
EndGlobal
